# This file is automatically @generated by Cargo.
# It is not intended for manual editing.
version = 4

[[package]]
name = "QED-rs"
version = "0.1.0"
dependencies = [
 "large_int",
]

[[package]]
name = "large_int"
version = "0.2.2"
source = "registry+https://github.com/rust-lang/crates.io-index"
checksum = "69a553d36c6f73ae3b51bf64350c411d94b2568cebcd5987602ec93116f302cb"
